
Microsoft Visual Studio Solution File, Format Version 12.00
# Visual Studio Version 16
VisualStudioVersion = 16.0.30717.126
MinimumVisualStudioVersion = 10.0.40219.1
Project("{8BC9CEB8-8B4A-11D0-8D11-00A0C91BC942}") = "Core", "Core\Core.vcxproj", "{DD113A77-1C14-40E5-AE12-E50FEECB28A4}"
EndProject
Project("{8BC9CEB8-8B4A-11D0-8D11-00A0C91BC942}") = "Network", "Network\Network.vcxproj", "{A90C00E8-C1BA-48F1-987D-5017300D2F75}"
EndProject
Project("{8BC9CEB8-8B4A-11D0-8D11-00A0C91BC942}") = "LobbyServer", "LobbyServer\LobbyServer.vcxproj", "{44D445B5-30F4-4372-BC37-69A52303056D}"
EndProject
Project("{8BC9CEB8-8B4A-11D0-8D11-00A0C91BC942}") = "StageServer", "StageServer\StageServer.vcxproj", "{4A53DD4D-913E-4A17-9112-0E45E7093777}"
EndProject
Project("{8BC9CEB8-8B4A-11D0-8D11-00A0C91BC942}") = "Info", "Info\Info.vcxproj", "{E559AD97-6832-455E-9A44-C91244F7CA56}"
EndProject
Project("{8BC9CEB8-8B4A-11D0-8D11-00A0C91BC942}") = "Lzma", "LzmaLib\LzmaLib.vcxproj", "{C3E4F721-0D5E-43D3-903A-DE230EA2ED09}"
EndProject
Project("{8BC9CEB8-8B4A-11D0-8D11-00A0C91BC942}") = "TestExec", "TestExec\TestExec.vcxproj", "{C97CCDC8-88A4-4962-A009-4138CBFD9809}"
EndProject
Project("{8BC9CEB8-8B4A-11D0-8D11-00A0C91BC942}") = "Logic", "Logic\Logic.vcxproj", "{D567B4A0-00E5-4839-8AC7-4B5E7FC37D7B}"
EndProject
Project("{8BC9CEB8-8B4A-11D0-8D11-00A0C91BC942}") = "AngelScript", "AngelScript\AngelScript.vcxproj", "{29555BA3-DC5D-45C9-A7BA-93515AC0D36A}"
EndProject
Global
	GlobalSection(SolutionConfigurationPlatforms) = preSolution
		Debug|x64 = Debug|x64
		Debug|x86 = Debug|x86
		Release|x64 = Release|x64
		Release|x86 = Release|x86
	EndGlobalSection
	GlobalSection(ProjectConfigurationPlatforms) = postSolution
		{DD113A77-1C14-40E5-AE12-E50FEECB28A4}.Debug|x64.ActiveCfg = Debug|x64
		{DD113A77-1C14-40E5-AE12-E50FEECB28A4}.Debug|x64.Build.0 = Debug|x64
		{DD113A77-1C14-40E5-AE12-E50FEECB28A4}.Debug|x86.ActiveCfg = Debug|Win32
		{DD113A77-1C14-40E5-AE12-E50FEECB28A4}.Debug|x86.Build.0 = Debug|Win32
		{DD113A77-1C14-40E5-AE12-E50FEECB28A4}.Release|x64.ActiveCfg = Release|x64
		{DD113A77-1C14-40E5-AE12-E50FEECB28A4}.Release|x64.Build.0 = Release|x64
		{DD113A77-1C14-40E5-AE12-E50FEECB28A4}.Release|x86.ActiveCfg = Release|Win32
		{DD113A77-1C14-40E5-AE12-E50FEECB28A4}.Release|x86.Build.0 = Release|Win32
		{A90C00E8-C1BA-48F1-987D-5017300D2F75}.Debug|x64.ActiveCfg = Debug|x64
		{A90C00E8-C1BA-48F1-987D-5017300D2F75}.Debug|x64.Build.0 = Debug|x64
		{A90C00E8-C1BA-48F1-987D-5017300D2F75}.Debug|x86.ActiveCfg = Debug|Win32
		{A90C00E8-C1BA-48F1-987D-5017300D2F75}.Debug|x86.Build.0 = Debug|Win32
		{A90C00E8-C1BA-48F1-987D-5017300D2F75}.Release|x64.ActiveCfg = Release|x64
		{A90C00E8-C1BA-48F1-987D-5017300D2F75}.Release|x64.Build.0 = Release|x64
		{A90C00E8-C1BA-48F1-987D-5017300D2F75}.Release|x86.ActiveCfg = Release|Win32
		{A90C00E8-C1BA-48F1-987D-5017300D2F75}.Release|x86.Build.0 = Release|Win32
		{44D445B5-30F4-4372-BC37-69A52303056D}.Debug|x64.ActiveCfg = Debug|x64
		{44D445B5-30F4-4372-BC37-69A52303056D}.Debug|x64.Build.0 = Debug|x64
		{44D445B5-30F4-4372-BC37-69A52303056D}.Debug|x86.ActiveCfg = Debug|Win32
		{44D445B5-30F4-4372-BC37-69A52303056D}.Debug|x86.Build.0 = Debug|Win32
		{44D445B5-30F4-4372-BC37-69A52303056D}.Release|x64.ActiveCfg = Release|x64
		{44D445B5-30F4-4372-BC37-69A52303056D}.Release|x64.Build.0 = Release|x64
		{44D445B5-30F4-4372-BC37-69A52303056D}.Release|x86.ActiveCfg = Release|Win32
		{44D445B5-30F4-4372-BC37-69A52303056D}.Release|x86.Build.0 = Release|Win32
		{4A53DD4D-913E-4A17-9112-0E45E7093777}.Debug|x64.ActiveCfg = Debug|x64
		{4A53DD4D-913E-4A17-9112-0E45E7093777}.Debug|x64.Build.0 = Debug|x64
		{4A53DD4D-913E-4A17-9112-0E45E7093777}.Debug|x86.ActiveCfg = Debug|Win32
		{4A53DD4D-913E-4A17-9112-0E45E7093777}.Debug|x86.Build.0 = Debug|Win32
		{4A53DD4D-913E-4A17-9112-0E45E7093777}.Release|x64.ActiveCfg = Release|x64
		{4A53DD4D-913E-4A17-9112-0E45E7093777}.Release|x64.Build.0 = Release|x64
		{4A53DD4D-913E-4A17-9112-0E45E7093777}.Release|x86.ActiveCfg = Release|Win32
		{4A53DD4D-913E-4A17-9112-0E45E7093777}.Release|x86.Build.0 = Release|Win32
		{E559AD97-6832-455E-9A44-C91244F7CA56}.Debug|x64.ActiveCfg = Debug|x64
		{E559AD97-6832-455E-9A44-C91244F7CA56}.Debug|x64.Build.0 = Debug|x64
		{E559AD97-6832-455E-9A44-C91244F7CA56}.Debug|x86.ActiveCfg = Debug|Win32
		{E559AD97-6832-455E-9A44-C91244F7CA56}.Debug|x86.Build.0 = Debug|Win32
		{E559AD97-6832-455E-9A44-C91244F7CA56}.Release|x64.ActiveCfg = Release|x64
		{E559AD97-6832-455E-9A44-C91244F7CA56}.Release|x64.Build.0 = Release|x64
		{E559AD97-6832-455E-9A44-C91244F7CA56}.Release|x86.ActiveCfg = Release|Win32
		{E559AD97-6832-455E-9A44-C91244F7CA56}.Release|x86.Build.0 = Release|Win32
		{C3E4F721-0D5E-43D3-903A-DE230EA2ED09}.Debug|x64.ActiveCfg = Debug|x64
		{C3E4F721-0D5E-43D3-903A-DE230EA2ED09}.Debug|x64.Build.0 = Debug|x64
		{C3E4F721-0D5E-43D3-903A-DE230EA2ED09}.Debug|x86.ActiveCfg = Debug|Win32
		{C3E4F721-0D5E-43D3-903A-DE230EA2ED09}.Debug|x86.Build.0 = Debug|Win32
		{C3E4F721-0D5E-43D3-903A-DE230EA2ED09}.Release|x64.ActiveCfg = Release|x64
		{C3E4F721-0D5E-43D3-903A-DE230EA2ED09}.Release|x64.Build.0 = Release|x64
		{C3E4F721-0D5E-43D3-903A-DE230EA2ED09}.Release|x86.ActiveCfg = Release|Win32
		{C3E4F721-0D5E-43D3-903A-DE230EA2ED09}.Release|x86.Build.0 = Release|Win32
		{C97CCDC8-88A4-4962-A009-4138CBFD9809}.Debug|x64.ActiveCfg = Debug|x64
		{C97CCDC8-88A4-4962-A009-4138CBFD9809}.Debug|x64.Build.0 = Debug|x64
		{C97CCDC8-88A4-4962-A009-4138CBFD9809}.Debug|x86.ActiveCfg = Debug|Win32
		{C97CCDC8-88A4-4962-A009-4138CBFD9809}.Debug|x86.Build.0 = Debug|Win32
		{C97CCDC8-88A4-4962-A009-4138CBFD9809}.Release|x64.ActiveCfg = Release|x64
		{C97CCDC8-88A4-4962-A009-4138CBFD9809}.Release|x64.Build.0 = Release|x64
		{C97CCDC8-88A4-4962-A009-4138CBFD9809}.Release|x86.ActiveCfg = Release|Win32
		{C97CCDC8-88A4-4962-A009-4138CBFD9809}.Release|x86.Build.0 = Release|Win32
		{D567B4A0-00E5-4839-8AC7-4B5E7FC37D7B}.Debug|x64.ActiveCfg = Debug|x64
		{D567B4A0-00E5-4839-8AC7-4B5E7FC37D7B}.Debug|x64.Build.0 = Debug|x64
		{D567B4A0-00E5-4839-8AC7-4B5E7FC37D7B}.Debug|x86.ActiveCfg = Debug|Win32
		{D567B4A0-00E5-4839-8AC7-4B5E7FC37D7B}.Debug|x86.Build.0 = Debug|Win32
		{D567B4A0-00E5-4839-8AC7-4B5E7FC37D7B}.Release|x64.ActiveCfg = Release|Win32
		{D567B4A0-00E5-4839-8AC7-4B5E7FC37D7B}.Release|x86.ActiveCfg = Release|Win32
		{D567B4A0-00E5-4839-8AC7-4B5E7FC37D7B}.Release|x86.Build.0 = Release|Win32
		{29555BA3-DC5D-45C9-A7BA-93515AC0D36A}.Debug|x64.ActiveCfg = Debug|x64
		{29555BA3-DC5D-45C9-A7BA-93515AC0D36A}.Debug|x64.Build.0 = Debug|x64
		{29555BA3-DC5D-45C9-A7BA-93515AC0D36A}.Debug|x86.ActiveCfg = Debug|Win32
		{29555BA3-DC5D-45C9-A7BA-93515AC0D36A}.Debug|x86.Build.0 = Debug|Win32
		{29555BA3-DC5D-45C9-A7BA-93515AC0D36A}.Release|x64.ActiveCfg = Release|x64
		{29555BA3-DC5D-45C9-A7BA-93515AC0D36A}.Release|x64.Build.0 = Release|x64
		{29555BA3-DC5D-45C9-A7BA-93515AC0D36A}.Release|x86.ActiveCfg = Release|Win32
		{29555BA3-DC5D-45C9-A7BA-93515AC0D36A}.Release|x86.Build.0 = Release|Win32
	EndGlobalSection
	GlobalSection(SolutionProperties) = preSolution
		HideSolutionNode = FALSE
	EndGlobalSection
	GlobalSection(ExtensibilityGlobals) = postSolution
		SolutionGuid = {AE29E6CA-1D64-4A8F-B096-2FA8A92843E3}
	EndGlobalSection
EndGlobal
