
Microsoft Visual Studio Solution File, Format Version 12.00
# Visual Studio Version 16
VisualStudioVersion = 16.0.30717.126
MinimumVisualStudioVersion = 10.0.40219.1
Project("{8BC9CEB8-8B4A-11D0-8D11-00A0C91BC942}") = "Core", "Core\Core.vcxproj", "{DD113A77-1C14-40E5-AE12-E50FEECB28A4}"
EndProject
Project("{8BC9CEB8-8B4A-11D0-8D11-00A0C91BC942}") = "Network", "Network\Network.vcxproj", "{A90C00E8-C1BA-48F1-987D-5017300D2F75}"
EndProject
Project("{8BC9CEB8-8B4A-11D0-8D11-00A0C91BC942}") = "LobbyServer", "LobbyServer\LobbyServer.vcxproj", "{44D445B5-30F4-4372-BC37-69A52303056D}"
EndProject
Project("{8BC9CEB8-8B4A-11D0-8D11-00A0C91BC942}") = "StageServer", "StageServer\StageServer.vcxproj", "{4A53DD4D-913E-4A17-9112-0E45E7093777}"
EndProject
Project("{8BC9CEB8-8B4A-11D0-8D11-00A0C91BC942}") = "Info", "Info\Info.vcxproj", "{E559AD97-6832-455E-9A44-C91244F7CA56}"
EndProject
Project("{8BC9CEB8-8B4A-11D0-8D11-00A0C91BC942}") = "LzmaLib", "LZMA\Util\LzmaLib\LzmaLib.vcxproj", "{37F13C79-76A5-43A4-83AD-E265D8ACCD84}"
EndProject
Global
	GlobalSection(SolutionConfigurationPlatforms) = preSolution
		Debug|Any CPU = Debug|Any CPU
		Debug|x64 = Debug|x64
		Debug|x86 = Debug|x86
		MinSizeRel|Any CPU = MinSizeRel|Any CPU
		MinSizeRel|x64 = MinSizeRel|x64
		MinSizeRel|x86 = MinSizeRel|x86
		Release|Any CPU = Release|Any CPU
		Release|x64 = Release|x64
		Release|x86 = Release|x86
		RelWithDebInfo|Any CPU = RelWithDebInfo|Any CPU
		RelWithDebInfo|x64 = RelWithDebInfo|x64
		RelWithDebInfo|x86 = RelWithDebInfo|x86
	EndGlobalSection
	GlobalSection(ProjectConfigurationPlatforms) = postSolution
		{DD113A77-1C14-40E5-AE12-E50FEECB28A4}.Debug|Any CPU.ActiveCfg = Debug|Win32
		{DD113A77-1C14-40E5-AE12-E50FEECB28A4}.Debug|x64.ActiveCfg = Debug|x64
		{DD113A77-1C14-40E5-AE12-E50FEECB28A4}.Debug|x64.Build.0 = Debug|x64
		{DD113A77-1C14-40E5-AE12-E50FEECB28A4}.Debug|x86.ActiveCfg = Debug|Win32
		{DD113A77-1C14-40E5-AE12-E50FEECB28A4}.Debug|x86.Build.0 = Debug|Win32
		{DD113A77-1C14-40E5-AE12-E50FEECB28A4}.MinSizeRel|Any CPU.ActiveCfg = Release|Win32
		{DD113A77-1C14-40E5-AE12-E50FEECB28A4}.MinSizeRel|Any CPU.Build.0 = Release|Win32
		{DD113A77-1C14-40E5-AE12-E50FEECB28A4}.MinSizeRel|x64.ActiveCfg = Release|x64
		{DD113A77-1C14-40E5-AE12-E50FEECB28A4}.MinSizeRel|x64.Build.0 = Release|x64
		{DD113A77-1C14-40E5-AE12-E50FEECB28A4}.MinSizeRel|x86.ActiveCfg = Release|Win32
		{DD113A77-1C14-40E5-AE12-E50FEECB28A4}.MinSizeRel|x86.Build.0 = Release|Win32
		{DD113A77-1C14-40E5-AE12-E50FEECB28A4}.Release|Any CPU.ActiveCfg = Release|Win32
		{DD113A77-1C14-40E5-AE12-E50FEECB28A4}.Release|x64.ActiveCfg = Release|x64
		{DD113A77-1C14-40E5-AE12-E50FEECB28A4}.Release|x64.Build.0 = Release|x64
		{DD113A77-1C14-40E5-AE12-E50FEECB28A4}.Release|x86.ActiveCfg = Release|Win32
		{DD113A77-1C14-40E5-AE12-E50FEECB28A4}.Release|x86.Build.0 = Release|Win32
		{DD113A77-1C14-40E5-AE12-E50FEECB28A4}.RelWithDebInfo|Any CPU.ActiveCfg = Release|Win32
		{DD113A77-1C14-40E5-AE12-E50FEECB28A4}.RelWithDebInfo|Any CPU.Build.0 = Release|Win32
		{DD113A77-1C14-40E5-AE12-E50FEECB28A4}.RelWithDebInfo|x64.ActiveCfg = Release|x64
		{DD113A77-1C14-40E5-AE12-E50FEECB28A4}.RelWithDebInfo|x64.Build.0 = Release|x64
		{DD113A77-1C14-40E5-AE12-E50FEECB28A4}.RelWithDebInfo|x86.ActiveCfg = Release|Win32
		{DD113A77-1C14-40E5-AE12-E50FEECB28A4}.RelWithDebInfo|x86.Build.0 = Release|Win32
		{A90C00E8-C1BA-48F1-987D-5017300D2F75}.Debug|Any CPU.ActiveCfg = Debug|Win32
		{A90C00E8-C1BA-48F1-987D-5017300D2F75}.Debug|x64.ActiveCfg = Debug|x64
		{A90C00E8-C1BA-48F1-987D-5017300D2F75}.Debug|x64.Build.0 = Debug|x64
		{A90C00E8-C1BA-48F1-987D-5017300D2F75}.Debug|x86.ActiveCfg = Debug|Win32
		{A90C00E8-C1BA-48F1-987D-5017300D2F75}.Debug|x86.Build.0 = Debug|Win32
		{A90C00E8-C1BA-48F1-987D-5017300D2F75}.MinSizeRel|Any CPU.ActiveCfg = Release|Win32
		{A90C00E8-C1BA-48F1-987D-5017300D2F75}.MinSizeRel|Any CPU.Build.0 = Release|Win32
		{A90C00E8-C1BA-48F1-987D-5017300D2F75}.MinSizeRel|x64.ActiveCfg = Release|x64
		{A90C00E8-C1BA-48F1-987D-5017300D2F75}.MinSizeRel|x64.Build.0 = Release|x64
		{A90C00E8-C1BA-48F1-987D-5017300D2F75}.MinSizeRel|x86.ActiveCfg = Release|Win32
		{A90C00E8-C1BA-48F1-987D-5017300D2F75}.MinSizeRel|x86.Build.0 = Release|Win32
		{A90C00E8-C1BA-48F1-987D-5017300D2F75}.Release|Any CPU.ActiveCfg = Release|Win32
		{A90C00E8-C1BA-48F1-987D-5017300D2F75}.Release|x64.ActiveCfg = Release|x64
		{A90C00E8-C1BA-48F1-987D-5017300D2F75}.Release|x64.Build.0 = Release|x64
		{A90C00E8-C1BA-48F1-987D-5017300D2F75}.Release|x86.ActiveCfg = Release|Win32
		{A90C00E8-C1BA-48F1-987D-5017300D2F75}.Release|x86.Build.0 = Release|Win32
		{A90C00E8-C1BA-48F1-987D-5017300D2F75}.RelWithDebInfo|Any CPU.ActiveCfg = Release|Win32
		{A90C00E8-C1BA-48F1-987D-5017300D2F75}.RelWithDebInfo|Any CPU.Build.0 = Release|Win32
		{A90C00E8-C1BA-48F1-987D-5017300D2F75}.RelWithDebInfo|x64.ActiveCfg = Release|x64
		{A90C00E8-C1BA-48F1-987D-5017300D2F75}.RelWithDebInfo|x64.Build.0 = Release|x64
		{A90C00E8-C1BA-48F1-987D-5017300D2F75}.RelWithDebInfo|x86.ActiveCfg = Release|Win32
		{A90C00E8-C1BA-48F1-987D-5017300D2F75}.RelWithDebInfo|x86.Build.0 = Release|Win32
		{44D445B5-30F4-4372-BC37-69A52303056D}.Debug|Any CPU.ActiveCfg = Debug|Win32
		{44D445B5-30F4-4372-BC37-69A52303056D}.Debug|x64.ActiveCfg = Debug|x64
		{44D445B5-30F4-4372-BC37-69A52303056D}.Debug|x64.Build.0 = Debug|x64
		{44D445B5-30F4-4372-BC37-69A52303056D}.Debug|x86.ActiveCfg = Debug|Win32
		{44D445B5-30F4-4372-BC37-69A52303056D}.Debug|x86.Build.0 = Debug|Win32
		{44D445B5-30F4-4372-BC37-69A52303056D}.MinSizeRel|Any CPU.ActiveCfg = Release|Win32
		{44D445B5-30F4-4372-BC37-69A52303056D}.MinSizeRel|Any CPU.Build.0 = Release|Win32
		{44D445B5-30F4-4372-BC37-69A52303056D}.MinSizeRel|x64.ActiveCfg = Debug|x64
		{44D445B5-30F4-4372-BC37-69A52303056D}.MinSizeRel|x64.Build.0 = Debug|x64
		{44D445B5-30F4-4372-BC37-69A52303056D}.MinSizeRel|x86.ActiveCfg = Debug|Win32
		{44D445B5-30F4-4372-BC37-69A52303056D}.MinSizeRel|x86.Build.0 = Debug|Win32
		{44D445B5-30F4-4372-BC37-69A52303056D}.Release|Any CPU.ActiveCfg = Release|Win32
		{44D445B5-30F4-4372-BC37-69A52303056D}.Release|x64.ActiveCfg = Release|x64
		{44D445B5-30F4-4372-BC37-69A52303056D}.Release|x64.Build.0 = Release|x64
		{44D445B5-30F4-4372-BC37-69A52303056D}.Release|x86.ActiveCfg = Release|Win32
		{44D445B5-30F4-4372-BC37-69A52303056D}.Release|x86.Build.0 = Release|Win32
		{44D445B5-30F4-4372-BC37-69A52303056D}.RelWithDebInfo|Any CPU.ActiveCfg = Release|Win32
		{44D445B5-30F4-4372-BC37-69A52303056D}.RelWithDebInfo|Any CPU.Build.0 = Release|Win32
		{44D445B5-30F4-4372-BC37-69A52303056D}.RelWithDebInfo|x64.ActiveCfg = Release|x64
		{44D445B5-30F4-4372-BC37-69A52303056D}.RelWithDebInfo|x64.Build.0 = Release|x64
		{44D445B5-30F4-4372-BC37-69A52303056D}.RelWithDebInfo|x86.ActiveCfg = Release|Win32
		{44D445B5-30F4-4372-BC37-69A52303056D}.RelWithDebInfo|x86.Build.0 = Release|Win32
		{4A53DD4D-913E-4A17-9112-0E45E7093777}.Debug|Any CPU.ActiveCfg = Debug|Win32
		{4A53DD4D-913E-4A17-9112-0E45E7093777}.Debug|x64.ActiveCfg = Debug|x64
		{4A53DD4D-913E-4A17-9112-0E45E7093777}.Debug|x64.Build.0 = Debug|x64
		{4A53DD4D-913E-4A17-9112-0E45E7093777}.Debug|x86.ActiveCfg = Debug|Win32
		{4A53DD4D-913E-4A17-9112-0E45E7093777}.Debug|x86.Build.0 = Debug|Win32
		{4A53DD4D-913E-4A17-9112-0E45E7093777}.MinSizeRel|Any CPU.ActiveCfg = Debug|Win32
		{4A53DD4D-913E-4A17-9112-0E45E7093777}.MinSizeRel|Any CPU.Build.0 = Debug|Win32
		{4A53DD4D-913E-4A17-9112-0E45E7093777}.MinSizeRel|x64.ActiveCfg = Debug|x64
		{4A53DD4D-913E-4A17-9112-0E45E7093777}.MinSizeRel|x64.Build.0 = Debug|x64
		{4A53DD4D-913E-4A17-9112-0E45E7093777}.MinSizeRel|x86.ActiveCfg = Debug|Win32
		{4A53DD4D-913E-4A17-9112-0E45E7093777}.MinSizeRel|x86.Build.0 = Debug|Win32
		{4A53DD4D-913E-4A17-9112-0E45E7093777}.Release|Any CPU.ActiveCfg = Release|Win32
		{4A53DD4D-913E-4A17-9112-0E45E7093777}.Release|x64.ActiveCfg = Release|x64
		{4A53DD4D-913E-4A17-9112-0E45E7093777}.Release|x64.Build.0 = Release|x64
		{4A53DD4D-913E-4A17-9112-0E45E7093777}.Release|x86.ActiveCfg = Release|Win32
		{4A53DD4D-913E-4A17-9112-0E45E7093777}.Release|x86.Build.0 = Release|Win32
		{4A53DD4D-913E-4A17-9112-0E45E7093777}.RelWithDebInfo|Any CPU.ActiveCfg = Debug|Win32
		{4A53DD4D-913E-4A17-9112-0E45E7093777}.RelWithDebInfo|Any CPU.Build.0 = Debug|Win32
		{4A53DD4D-913E-4A17-9112-0E45E7093777}.RelWithDebInfo|x64.ActiveCfg = Release|x64
		{4A53DD4D-913E-4A17-9112-0E45E7093777}.RelWithDebInfo|x64.Build.0 = Release|x64
		{4A53DD4D-913E-4A17-9112-0E45E7093777}.RelWithDebInfo|x86.ActiveCfg = Release|Win32
		{4A53DD4D-913E-4A17-9112-0E45E7093777}.RelWithDebInfo|x86.Build.0 = Release|Win32
		{E559AD97-6832-455E-9A44-C91244F7CA56}.Debug|Any CPU.ActiveCfg = Debug|Win32
		{E559AD97-6832-455E-9A44-C91244F7CA56}.Debug|x64.ActiveCfg = Debug|x64
		{E559AD97-6832-455E-9A44-C91244F7CA56}.Debug|x64.Build.0 = Debug|x64
		{E559AD97-6832-455E-9A44-C91244F7CA56}.Debug|x86.ActiveCfg = Debug|Win32
		{E559AD97-6832-455E-9A44-C91244F7CA56}.Debug|x86.Build.0 = Debug|Win32
		{E559AD97-6832-455E-9A44-C91244F7CA56}.MinSizeRel|Any CPU.ActiveCfg = Debug|Win32
		{E559AD97-6832-455E-9A44-C91244F7CA56}.MinSizeRel|Any CPU.Build.0 = Debug|Win32
		{E559AD97-6832-455E-9A44-C91244F7CA56}.MinSizeRel|x64.ActiveCfg = Debug|x64
		{E559AD97-6832-455E-9A44-C91244F7CA56}.MinSizeRel|x64.Build.0 = Debug|x64
		{E559AD97-6832-455E-9A44-C91244F7CA56}.MinSizeRel|x86.ActiveCfg = Debug|Win32
		{E559AD97-6832-455E-9A44-C91244F7CA56}.MinSizeRel|x86.Build.0 = Debug|Win32
		{E559AD97-6832-455E-9A44-C91244F7CA56}.Release|Any CPU.ActiveCfg = Release|Win32
		{E559AD97-6832-455E-9A44-C91244F7CA56}.Release|x64.ActiveCfg = Release|x64
		{E559AD97-6832-455E-9A44-C91244F7CA56}.Release|x64.Build.0 = Release|x64
		{E559AD97-6832-455E-9A44-C91244F7CA56}.Release|x86.ActiveCfg = Release|Win32
		{E559AD97-6832-455E-9A44-C91244F7CA56}.Release|x86.Build.0 = Release|Win32
		{E559AD97-6832-455E-9A44-C91244F7CA56}.RelWithDebInfo|Any CPU.ActiveCfg = Debug|Win32
		{E559AD97-6832-455E-9A44-C91244F7CA56}.RelWithDebInfo|Any CPU.Build.0 = Debug|Win32
		{E559AD97-6832-455E-9A44-C91244F7CA56}.RelWithDebInfo|x64.ActiveCfg = Release|x64
		{E559AD97-6832-455E-9A44-C91244F7CA56}.RelWithDebInfo|x64.Build.0 = Release|x64
		{E559AD97-6832-455E-9A44-C91244F7CA56}.RelWithDebInfo|x86.ActiveCfg = Release|Win32
		{E559AD97-6832-455E-9A44-C91244F7CA56}.RelWithDebInfo|x86.Build.0 = Release|Win32
		{37F13C79-76A5-43A4-83AD-E265D8ACCD84}.Debug|Any CPU.ActiveCfg = Debug|Win32
		{37F13C79-76A5-43A4-83AD-E265D8ACCD84}.Debug|x64.ActiveCfg = Debug|x64
		{37F13C79-76A5-43A4-83AD-E265D8ACCD84}.Debug|x86.ActiveCfg = Debug|Win32
		{37F13C79-76A5-43A4-83AD-E265D8ACCD84}.Debug|x86.Build.0 = Debug|Win32
		{37F13C79-76A5-43A4-83AD-E265D8ACCD84}.MinSizeRel|Any CPU.ActiveCfg = Debug|Win32
		{37F13C79-76A5-43A4-83AD-E265D8ACCD84}.MinSizeRel|Any CPU.Build.0 = Debug|Win32
		{37F13C79-76A5-43A4-83AD-E265D8ACCD84}.MinSizeRel|x64.ActiveCfg = Debug|Win32
		{37F13C79-76A5-43A4-83AD-E265D8ACCD84}.MinSizeRel|x64.Build.0 = Debug|Win32
		{37F13C79-76A5-43A4-83AD-E265D8ACCD84}.MinSizeRel|x86.ActiveCfg = Debug|Win32
		{37F13C79-76A5-43A4-83AD-E265D8ACCD84}.MinSizeRel|x86.Build.0 = Debug|Win32
		{37F13C79-76A5-43A4-83AD-E265D8ACCD84}.Release|Any CPU.ActiveCfg = Release|Win32
		{37F13C79-76A5-43A4-83AD-E265D8ACCD84}.Release|x64.ActiveCfg = Release|Win32
		{37F13C79-76A5-43A4-83AD-E265D8ACCD84}.Release|x86.ActiveCfg = Release|Win32
		{37F13C79-76A5-43A4-83AD-E265D8ACCD84}.Release|x86.Build.0 = Release|Win32
		{37F13C79-76A5-43A4-83AD-E265D8ACCD84}.RelWithDebInfo|Any CPU.ActiveCfg = Debug|Win32
		{37F13C79-76A5-43A4-83AD-E265D8ACCD84}.RelWithDebInfo|Any CPU.Build.0 = Debug|Win32
		{37F13C79-76A5-43A4-83AD-E265D8ACCD84}.RelWithDebInfo|x64.ActiveCfg = Debug|Win32
		{37F13C79-76A5-43A4-83AD-E265D8ACCD84}.RelWithDebInfo|x64.Build.0 = Debug|Win32
		{37F13C79-76A5-43A4-83AD-E265D8ACCD84}.RelWithDebInfo|x86.ActiveCfg = Release|Win32
		{37F13C79-76A5-43A4-83AD-E265D8ACCD84}.RelWithDebInfo|x86.Build.0 = Release|Win32
	EndGlobalSection
	GlobalSection(SolutionProperties) = preSolution
		HideSolutionNode = FALSE
	EndGlobalSection
	GlobalSection(ExtensibilityGlobals) = postSolution
		SolutionGuid = {AE29E6CA-1D64-4A8F-B096-2FA8A92843E3}
	EndGlobalSection
EndGlobal
