<?xml version="1.0" encoding="utf-8"?>
<Project ToolsVersion="4.0" xmlns="http://schemas.microsoft.com/developer/msbuild/2003">
  <ItemGroup>
    <Filter Include="Headers">
      <UniqueIdentifier>{93995380-89BD-4b04-88EB-625FBE52EBFB}</UniqueIdentifier>
      <Extensions>h;hh;hpp;hxx;h++;hm;inl;inc;ipp;xsd</Extensions>
    </Filter>
    <Filter Include="Source Files">
      <UniqueIdentifier>{4FC737F1-C7A5-4376-A066-2A32D752A2FF}</UniqueIdentifier>
      <Extensions>cpp;c;cc;cxx;c++;cppm;ixx;def;odl;idl;hpj;bat;asm;asmx</Extensions>
    </Filter>
  </ItemGroup>
  <ItemGroup>
    <ClCompile Include="StageServer.cpp">
      <Filter>Source Files</Filter>
    </ClCompile>
    <ClCompile Include="StageServerProtocol\StageServerProtocol.cpp">
      <Filter>Source Files</Filter>
    </ClCompile>
    <ClCompile Include="PacketHandler.cpp">
      <Filter>Source Files</Filter>
    </ClCompile>
    <ClCompile Include="User\UserRegistry.cpp">
      <Filter>Source Files</Filter>
    </ClCompile>
    <ClCompile Include="User\User.cpp">
      <Filter>Source Files</Filter>
    </ClCompile>
  </ItemGroup>
  <ItemGroup>
    <None Include="packages.config" />
    <None Include="Config_Stage.json" />
  </ItemGroup>
  <ItemGroup>
    <ClInclude Include="StageServer.h">
      <Filter>Headers</Filter>
    </ClInclude>
    <ClInclude Include="StageServerProtocol\StageServerProtocol.h">
      <Filter>Headers</Filter>
    </ClInclude>
    <ClInclude Include="fwPacketListener.h">
      <Filter>Headers</Filter>
    </ClInclude>
    <ClInclude Include="User\UserRegistry.h">
      <Filter>Headers</Filter>
    </ClInclude>
    <ClInclude Include="User\User.h">
      <Filter>Headers</Filter>
    </ClInclude>
    <ClInclude Include="Service.h">
      <Filter>Headers</Filter>
    </ClInclude>
  </ItemGroup>
</Project>