<?xml version="1.0" encoding="utf-8"?>
<Project ToolsVersion="4.0" xmlns="http://schemas.microsoft.com/developer/msbuild/2003">
  <ItemGroup>
    <Filter Include="Headers">
      <UniqueIdentifier>{93995380-89BD-4b04-88EB-625FBE52EBFB}</UniqueIdentifier>
      <Extensions>h;hh;hpp;hxx;h++;hm;inl;inc;ipp;xsd</Extensions>
    </Filter>
    <Filter Include="Source Files">
      <UniqueIdentifier>{4FC737F1-C7A5-4376-A066-2A32D752A2FF}</UniqueIdentifier>
      <Extensions>cpp;c;cc;cxx;c++;cppm;ixx;def;odl;idl;hpj;bat;asm;asmx</Extensions>
    </Filter>
  </ItemGroup>
  <ItemGroup>
    <ClCompile Include="StageServer.cpp">
      <Filter>Source Files</Filter>
    </ClCompile>
    <ClCompile Include="User\User.cpp">
      <Filter>Source Files</Filter>
    </ClCompile>
    <ClCompile Include="User\UserManager.cpp">
      <Filter>Source Files</Filter>
    </ClCompile>
    <ClCompile Include="QuickSlot.cpp">
      <Filter>Source Files</Filter>
    </ClCompile>
    <ClCompile Include="Room\Room.cpp">
      <Filter>Source Files</Filter>
    </ClCompile>
    <ClCompile Include="Room\RoomManager.cpp">
      <Filter>Source Files</Filter>
    </ClCompile>
    <ClCompile Include="Room\RoomUpdater.cpp">
      <Filter>Source Files</Filter>
    </ClCompile>
    <ClCompile Include="User\RoomUserManager.cpp">
      <Filter>Source Files</Filter>
    </ClCompile>
    <ClCompile Include="User\PetData.cpp">
      <Filter>Source Files</Filter>
    </ClCompile>
    <ClCompile Include="Room\RoomUpdateManager.cpp">
      <Filter>Source Files</Filter>
    </ClCompile>
    <ClCompile Include="Common.cpp">
      <Filter>Source Files</Filter>
    </ClCompile>
    <ClCompile Include="Room\Services\Guild.cpp">
      <Filter>Source Files</Filter>
    </ClCompile>
    <ClCompile Include="User\Services\GuildState.cpp">
      <Filter>Source Files</Filter>
    </ClCompile>
    <ClCompile Include="User\Services\FamilyManager.cpp">
      <Filter>Source Files</Filter>
    </ClCompile>
    <ClCompile Include="User\Services\ExpFactorManager.cpp">
      <Filter>Source Files</Filter>
    </ClCompile>
    <ClCompile Include="Protocol\ToServer.cpp">
      <Filter>Source Files</Filter>
    </ClCompile>
    <ClCompile Include="Protocol\FromServer.cpp">
      <Filter>Source Files</Filter>
    </ClCompile>
    <ClCompile Include="Room\IUserRoom.cpp">
      <Filter>Source Files</Filter>
    </ClCompile>
    <ClCompile Include="User\Services\FishingManager.cpp">
      <Filter>Source Files</Filter>
    </ClCompile>
    <ClCompile Include="Services\ItemSerial.cpp">
      <Filter>Source Files</Filter>
    </ClCompile>
    <ClCompile Include="User\Items\Bag.cpp">
      <Filter>Source Files</Filter>
    </ClCompile>
    <ClCompile Include="User\Items\Enchanter.cpp">
      <Filter>Source Files</Filter>
    </ClCompile>
    <ClCompile Include="User\Items\Equip.cpp">
      <Filter>Source Files</Filter>
    </ClCompile>
    <ClCompile Include="User\Items\Inventory.cpp">
      <Filter>Source Files</Filter>
    </ClCompile>
    <ClCompile Include="User\Items\ItemEx.cpp">
      <Filter>Source Files</Filter>
    </ClCompile>
    <ClCompile Include="User\Items\ItemRequirementQueue.cpp">
      <Filter>Source Files</Filter>
    </ClCompile>
    <ClCompile Include="User\Items\Items.cpp">
      <Filter>Source Files</Filter>
    </ClCompile>
    <ClCompile Include="User\Items\NoLogicItems.cpp">
      <Filter>Source Files</Filter>
    </ClCompile>
    <ClCompile Include="User\Items\PassiveItemManager.cpp">
      <Filter>Source Files</Filter>
    </ClCompile>
    <ClCompile Include="User\Items\PetInventory.cpp">
      <Filter>Source Files</Filter>
    </ClCompile>
    <ClCompile Include="User\Items\Slot.cpp">
      <Filter>Source Files</Filter>
    </ClCompile>
    <ClCompile Include="User\Services\TradeManager.cpp">
      <Filter>Source Files</Filter>
    </ClCompile>
    <ClCompile Include="User\Services\GuildManager.cpp">
      <Filter>Source Files</Filter>
    </ClCompile>
    <ClCompile Include="User\Services\QuestManager.cpp">
      <Filter>Source Files</Filter>
    </ClCompile>
    <ClCompile Include="User\Services\PlayerStoreManager.cpp">
      <Filter>Source Files</Filter>
    </ClCompile>
    <ClCompile Include="User\Services\Service.cpp">
      <Filter>Source Files</Filter>
    </ClCompile>
    <ClCompile Include="User\Services\MailBoxManager.cpp">
      <Filter>Source Files</Filter>
    </ClCompile>
    <ClCompile Include="Services\CoinItemPurchaseManager.cpp">
      <Filter>Source Files</Filter>
    </ClCompile>
  </ItemGroup>
  <ItemGroup>
    <None Include="packages.config" />
    <None Include="Config_Stage.json" />
  </ItemGroup>
  <ItemGroup>
    <ClInclude Include="StageServer.h">
      <Filter>Headers</Filter>
    </ClInclude>
    <ClInclude Include="User\User.h">
      <Filter>Headers</Filter>
    </ClInclude>
    <ClInclude Include="Service.h">
      <Filter>Headers</Filter>
    </ClInclude>
    <ClInclude Include="User\UserManager.h">
      <Filter>Headers</Filter>
    </ClInclude>
    <ClInclude Include="QuickSlot.h">
      <Filter>Headers</Filter>
    </ClInclude>
    <ClInclude Include="Room\Room.h">
      <Filter>Headers</Filter>
    </ClInclude>
    <ClInclude Include="Room\RoomManager.h">
      <Filter>Headers</Filter>
    </ClInclude>
    <ClInclude Include="Room\RoomUpdater.h">
      <Filter>Headers</Filter>
    </ClInclude>
    <ClInclude Include="User\RoomUserManager.h">
      <Filter>Headers</Filter>
    </ClInclude>
    <ClInclude Include="User\PetData.h">
      <Filter>Headers</Filter>
    </ClInclude>
    <ClInclude Include="Room\RoomUpdateManager.h">
      <Filter>Headers</Filter>
    </ClInclude>
    <ClInclude Include="Room\IUpdateRoom.h">
      <Filter>Headers</Filter>
    </ClInclude>
    <ClInclude Include="User\IUserRoom.h">
      <Filter>Headers</Filter>
    </ClInclude>
    <ClInclude Include="Common.h">
      <Filter>Headers</Filter>
    </ClInclude>
    <ClInclude Include="Room\Services\Guild.h">
      <Filter>Headers</Filter>
    </ClInclude>
    <ClInclude Include="User\Services\GuildState.h">
      <Filter>Headers</Filter>
    </ClInclude>
    <ClInclude Include="User\Services\FamilyManager.h">
      <Filter>Headers</Filter>
    </ClInclude>
    <ClInclude Include="User\Services\ExpFactorManager.h">
      <Filter>Headers</Filter>
    </ClInclude>
    <ClInclude Include="Protocol\Protocol.h">
      <Filter>Headers</Filter>
    </ClInclude>
    <ClInclude Include="Protocol\ToServer.h">
      <Filter>Headers</Filter>
    </ClInclude>
    <ClInclude Include="Protocol\FromServer.h">
      <Filter>Headers</Filter>
    </ClInclude>
    <ClInclude Include="User\Services\FishingManager.h">
      <Filter>Headers</Filter>
    </ClInclude>
    <ClInclude Include="Services\ItemSerial.h">
      <Filter>Headers</Filter>
    </ClInclude>
    <ClInclude Include="User\Items\Bag.h">
      <Filter>Headers</Filter>
    </ClInclude>
    <ClInclude Include="User\Items\Enchanter.h">
      <Filter>Headers</Filter>
    </ClInclude>
    <ClInclude Include="User\Items\Equip.h">
      <Filter>Headers</Filter>
    </ClInclude>
    <ClInclude Include="User\Items\Inventory.h">
      <Filter>Headers</Filter>
    </ClInclude>
    <ClInclude Include="User\Items\ItemEx.h">
      <Filter>Headers</Filter>
    </ClInclude>
    <ClInclude Include="User\Items\ItemRequirementQueue.h">
      <Filter>Headers</Filter>
    </ClInclude>
    <ClInclude Include="User\Items\Items.h">
      <Filter>Headers</Filter>
    </ClInclude>
    <ClInclude Include="User\Items\NoLogicItems.h">
      <Filter>Headers</Filter>
    </ClInclude>
    <ClInclude Include="User\Items\PassiveItemManager.h">
      <Filter>Headers</Filter>
    </ClInclude>
    <ClInclude Include="User\Items\PetInventory.h">
      <Filter>Headers</Filter>
    </ClInclude>
    <ClInclude Include="User\Items\Slot.h">
      <Filter>Headers</Filter>
    </ClInclude>
    <ClInclude Include="User\Services\TradeManager.h">
      <Filter>Headers</Filter>
    </ClInclude>
    <ClInclude Include="User\Services\GuildManager.h">
      <Filter>Headers</Filter>
    </ClInclude>
    <ClInclude Include="User\Services\QuestManager.h">
      <Filter>Headers</Filter>
    </ClInclude>
    <ClInclude Include="User\Services\PlayerStoreManager.h">
      <Filter>Headers</Filter>
    </ClInclude>
    <ClInclude Include="User\Services\MailBoxManager.h">
      <Filter>Headers</Filter>
    </ClInclude>
    <ClInclude Include="DynamicParser.h">
      <Filter>Headers</Filter>
    </ClInclude>
    <ClInclude Include="Services\Communicators.h">
      <Filter>Headers</Filter>
    </ClInclude>
    <ClInclude Include="Services\CoinItemPurchaseManager.h">
      <Filter>Headers</Filter>
    </ClInclude>
  </ItemGroup>
</Project>