<?xml version="1.0" encoding="utf-8"?>
<Project ToolsVersion="4.0" xmlns="http://schemas.microsoft.com/developer/msbuild/2003">
  <ItemGroup>
    <ClCompile Include="Callbacks.cpp">
      <Filter>Source Files</Filter>
    </ClCompile>
    <ClCompile Include="Main.cpp">
      <Filter>Source Files</Filter>
    </ClCompile>
    <ClCompile Include="TcpConnection.cpp">
      <Filter>Source Files</Filter>
    </ClCompile>
    <ClCompile Include="TcpServer.cpp">
      <Filter>Source Files</Filter>
    </ClCompile>
  </ItemGroup>
  <ItemGroup>
    <ClInclude Include="Callbacks.h">
      <Filter>Header</Filter>
    </ClInclude>
    <ClInclude Include="StdAfx.h">
      <Filter>Header</Filter>
    </ClInclude>
    <ClInclude Include="TcpConnection.h">
      <Filter>Header</Filter>
    </ClInclude>
    <ClInclude Include="TcpServer.h">
      <Filter>Header</Filter>
    </ClInclude>
  </ItemGroup>
  <ItemGroup>
    <Filter Include="Source Files">
      <UniqueIdentifier>{228d171c-9b25-4cb2-b790-e005ada9cef2}</UniqueIdentifier>
    </Filter>
    <Filter Include="Header">
      <UniqueIdentifier>{11028519-4d74-4e25-b4d9-a9b8afeb60d9}</UniqueIdentifier>
    </Filter>
  </ItemGroup>
</Project>