<?xml version="1.0" encoding="utf-8"?>
<Project ToolsVersion="4.0" xmlns="http://schemas.microsoft.com/developer/msbuild/2003">
  <ItemGroup>
    <ClCompile Include="Crypt\Crypt.cpp" />
    <ClCompile Include="Main.cpp" />
    <ClCompile Include="Tcp\Client.cpp" />
  </ItemGroup>
  <ItemGroup>
    <ClInclude Include="Network.h" />
    <ClInclude Include="Crypt\Crypt.h" />
    <ClInclude Include="stdafx.h" />
    <ClInclude Include="Api\httplib.h" />
    <ClInclude Include="Api\json.hpp" />
    <ClInclude Include="Tcp\Client.h" />
    <ClInclude Include="Tcp\Server.h" />
    <ClInclude Include="Tcp\Shared.h" />
  </ItemGroup>
  <ItemGroup>
    <Filter Include="Source Files">
      <UniqueIdentifier>{228d171c-9b25-4cb2-b790-e005ada9cef2}</UniqueIdentifier>
    </Filter>
    <Filter Include="Header">
      <UniqueIdentifier>{11028519-4d74-4e25-b4d9-a9b8afeb60d9}</UniqueIdentifier>
    </Filter>
  </ItemGroup>
</Project>