<?xml version="1.0" encoding="utf-8"?>
<Project ToolsVersion="4.0" xmlns="http://schemas.microsoft.com/developer/msbuild/2003">
  <ItemGroup>
    <ClCompile Include="Main.cpp" />
    <ClCompile Include="Utils\DateTime.cpp" />
    <ClCompile Include="Utils\Math\PseudoRandom.cpp" />
    <ClCompile Include="Utils\Math\Random.cpp" />
    <ClCompile Include="Utils\Locator.cpp" />
    <ClCompile Include="Utils\StringUtil\General.cpp" />
    <ClCompile Include="GameConstants.cpp" />
    <ClCompile Include="Serializer\Serializer.cpp" />
    <ClCompile Include="ServiceHelper\LobbyService.cpp" />
    <ClCompile Include="Utils\StringUtil\GenericConversion.cpp" />
    <ClCompile Include="Utils\Math\Color.cpp" />
    <ClCompile Include="Utils\ConfigReader.cpp" />
    <ClCompile Include="FileIO\FileHelper.cpp" />
    <ClCompile Include="FileIO\File.cpp" />
    <ClCompile Include="Resource\Resource.cpp" />
    <ClCompile Include="FileIO\Directory.cpp" />
    <ClCompile Include="Resource\Xml\XmlHelper.cpp" />
    <ClCompile Include="Resource\Xml\XmlParser.cpp" />
    <ClCompile Include="Serializer\Binary\XmlSerializer.cpp" />
    <ClCompile Include="Serializer\Binary\XmlStream.cpp" />
  </ItemGroup>
  <ItemGroup>
    <ClInclude Include="Core.h" />
    <ClInclude Include="Exceptions\Expcetion.h" />
    <ClInclude Include="fwEvent.h" />
    <ClInclude Include="Utils\Buffer.h" />
    <ClInclude Include="Utils\DateTime.h" />
    <ClInclude Include="Utils\Math\Random.h" />
    <ClInclude Include="Utils\Math\PseudoRandom.h" />
    <ClInclude Include="Utils\Version.h" />
    <ClInclude Include="Utils\InitFunction.h" />
    <ClInclude Include="GameServer.h" />
    <ClInclude Include="Utils\Logger.h" />
    <ClInclude Include="GameConstants.h" />
    <ClInclude Include="Utils\Math\Basevector.h" />
    <ClInclude Include="Utils\Math\vector3.h" />
    <ClInclude Include="Utils\StringUtil\StaticString.h" />
    <ClInclude Include="Utils\Locator.h" />
    <ClInclude Include="Utils\StringUtil\General.h" />
    <ClInclude Include="Utils\Math\vector4.h" />
    <ClInclude Include="ReferenceCounted.h" />
    <ClInclude Include="com_ptr.h" />
    <ClInclude Include="Serializer\IReferenceCounted.h" />
    <ClInclude Include="Utils\Math\Math.h" />
    <ClInclude Include="Utils\Math\euler.h" />
    <ClInclude Include="Utils\Math\matrix4x4.h" />
    <ClInclude Include="Utils\Math\plane.h" />
    <ClInclude Include="Utils\Math\quaternion.h" />
    <ClInclude Include="Utils\Math\Vector2.h" />
    <ClInclude Include="Utils\Math\Color.h" />
    <ClInclude Include="Types.h" />
    <ClInclude Include="Serializer\Serializer_old.h" />
    <ClInclude Include="Serializer\Serializer.h" />
    <ClInclude Include="Serializer\Binary\StructuredBinaryStream.h" />
    <ClInclude Include="Serializer\Binary\StructuredBinaryStreamReader.h" />
    <ClInclude Include="Serializer\Binary\StructuredBinaryStreamReader2.h" />
    <ClInclude Include="Serializer\Binary\StructuredBinaryStreamWriter2.h" />
    <ClInclude Include="IStream.h" />
    <ClInclude Include="IReferenceCounted.h" />
    <ClInclude Include="Utils\StringUtil.h" />
    <ClInclude Include="Utils\ThreadPool.h" />
    <ClInclude Include="ServiceHelper\LobbyService.h" />
    <ClInclude Include="Utils\StringUtil\GenericConversion.h" />
    <ClInclude Include="Utils\ConfigReader.h" />
    <ClInclude Include="FileIO\File.h" />
    <ClInclude Include="FileIO\FileExceptions.h" />
    <ClInclude Include="FileIO\FileHelper.h" />
    <ClInclude Include="FileIO\FileBase.h" />
    <ClInclude Include="FileIO\FileStream.h" />
    <ClInclude Include="FileIO\MemoryStream.h" />
    <ClInclude Include="FileIO\IFile.h" />
    <ClInclude Include="Resource\Resource.h" />
    <ClInclude Include="Resource\ICache.h" />
    <ClInclude Include="Resource\ICacheController.h" />
    <ClInclude Include="Resource\IChunkLoaderListener.h" />
    <ClInclude Include="Resource\ITextLoaderListener.h" />
    <ClInclude Include="Resource\CacheController.h" />
    <ClInclude Include="FileIO\Directory.h" />
    <ClInclude Include="Resource\Resource_FileStreamFactory.h" />
    <ClInclude Include="Utils\StringUtil\Compare.h" />
    <ClInclude Include="Resource\TextLoader.h" />
    <ClInclude Include="Resource\ConstantManager2.h" />
    <ClInclude Include="Resource\ChunkLoader.h" />
    <ClInclude Include="Resource\BinaryFormat1.h" />
    <ClInclude Include="Resource\Xml\Xml.h" />
    <ClInclude Include="Resource\Xml\XmlBase.h" />
    <ClInclude Include="Resource\Xml\XmlHelper.h" />
    <ClInclude Include="Resource\Xml\XmlParser.h" />
    <ClInclude Include="Resource\Xml\expat.h" />
    <ClInclude Include="Serializer\Binary\XmlSerializer.h" />
    <ClInclude Include="Serializer\Binary\XmlStream.h" />
    <ClInclude Include="Serializer\Binary\XmlStreamReader.h" />
    <ClInclude Include="Serializer\Binary\XmlStreamWriter.h" />
  </ItemGroup>
  <ItemGroup>
    <None Include="packages.config" />
  </ItemGroup>
</Project>