<?xml version="1.0" encoding="utf-8"?>
<Project ToolsVersion="4.0" xmlns="http://schemas.microsoft.com/developer/msbuild/2003">
  <ItemGroup>
    <ClCompile Include="Main.cpp" />
    <ClCompile Include="Utils\DateTime.cpp" />
    <ClCompile Include="Utils\Math\PseudoRandom.cpp" />
    <ClCompile Include="Utils\Math\Random.cpp" />
    <ClCompile Include="Utils\Locator.cpp" />
    <ClCompile Include="Utils\StringUtil\General.cpp" />
    <ClCompile Include="Utils\StringUtil\GeneralConversions.cpp" />
    <ClCompile Include="GameConstants.cpp" />
    <ClCompile Include="Serializer\Serializer.cpp" />
  </ItemGroup>
  <ItemGroup>
    <ClInclude Include="Core.h" />
    <ClInclude Include="Exceptions\Expcetion.h" />
    <ClInclude Include="fwEvent.h" />
    <ClInclude Include="Utils\Buffer.h" />
    <ClInclude Include="Utils\DateTime.h" />
    <ClInclude Include="Utils\Math\Random.h" />
    <ClInclude Include="Utils\Math\PseudoRandom.h" />
    <ClInclude Include="Utils\Version.h" />
    <ClInclude Include="Utils\InitFunction.h" />
    <ClInclude Include="GameServer.h" />
    <ClInclude Include="Utils\Logger.h" />
    <ClInclude Include="GameConstants.h" />
    <ClInclude Include="Utils\Math\Basevector.h" />
    <ClInclude Include="Utils\Math\vector3.h" />
    <ClInclude Include="Utils\StringUtil\StaticString.h" />
    <ClInclude Include="Utils\Locator.h" />
    <ClInclude Include="Utils\StringUtil\General.h" />
    <ClInclude Include="Utils\Math\vector4.h" />
    <ClInclude Include="Utils\StringUtil\GeneralConversions.h" />
    <ClInclude Include="ReferenceCounted.h" />
    <ClInclude Include="com_ptr.h" />
    <ClInclude Include="Serializer\IReferenceCounted.h" />
    <ClInclude Include="Utils\Math\Math.h" />
    <ClInclude Include="Utils\Math\euler.h" />
    <ClInclude Include="Utils\Math\matrix4x4.h" />
    <ClInclude Include="Utils\Math\plane.h" />
    <ClInclude Include="Utils\Math\quaternion.h" />
    <ClInclude Include="Utils\Math\Vector2.h" />
    <ClInclude Include="Utils\Math\Color.h" />
    <ClInclude Include="Types.h" />
    <ClInclude Include="Serializer\Serializer_old.h" />
    <ClInclude Include="Serializer\Serializer.h" />
    <ClInclude Include="IStream.h" />
    <ClInclude Include="IReferenceCounted.h" />
    <ClInclude Include="Utils\StringUtil.h" />
    <ClInclude Include="Utils\ThreadPool.h" />
  </ItemGroup>
  <ItemGroup>
    <None Include="packages.config" />
  </ItemGroup>
</Project>