<?xml version="1.0" encoding="utf-8"?>
<Project ToolsVersion="4.0" xmlns="http://schemas.microsoft.com/developer/msbuild/2003">
  <ItemGroup>
    <ClCompile Include="Main.cpp" />
    <ClCompile Include="Utils\DateTime.cpp" />
    <ClCompile Include="Utils\Math\PseudoRandom.cpp" />
    <ClCompile Include="Utils\Math\Random.cpp" />
    <ClCompile Include="GameServer.cpp" />
    <ClCompile Include="Utils\Logger.cpp" />
  </ItemGroup>
  <ItemGroup>
    <ClInclude Include="Core.h" />
    <ClInclude Include="Exceptions\Expcetion.h" />
    <ClInclude Include="fwEvent.h" />
    <ClInclude Include="Serializer\ISerializable.h" />
    <ClInclude Include="Serializer\Serializer.h" />
    <ClInclude Include="Utils\Buffer.h" />
    <ClInclude Include="Utils\DateTime.h" />
    <ClInclude Include="Utils\Math\Random.h" />
    <ClInclude Include="Utils\Math\PseudoRandom.h" />
    <ClInclude Include="Utils\StringUtil.hpp" />
    <ClInclude Include="Utils\Version.h" />
    <ClInclude Include="Utils\InitFunction.h" />
    <ClInclude Include="GameServer.h" />
    <ClInclude Include="Utils\Logger.h" />
  </ItemGroup>
</Project>