<?xml version="1.0" encoding="utf-8"?>
<Project ToolsVersion="4.0" xmlns="http://schemas.microsoft.com/developer/msbuild/2003">
  <ItemGroup>
    <Filter Include="Header">
      <UniqueIdentifier>{93995380-89BD-4b04-88EB-625FBE52EBFB}</UniqueIdentifier>
      <Extensions>h;hh;hpp;hxx;h++;hm;inl;inc;ipp;xsd</Extensions>
    </Filter>
    <Filter Include="Header\IO">
      <UniqueIdentifier>{31ee138f-ba82-43e7-9999-d48c6961e873}</UniqueIdentifier>
    </Filter>
    <Filter Include="Header\IO\Network">
      <UniqueIdentifier>{1d5539ef-8654-4d56-82ee-9201dc524833}</UniqueIdentifier>
    </Filter>
    <Filter Include="Source">
      <UniqueIdentifier>{4FC737F1-C7A5-4376-A066-2A32D752A2FF}</UniqueIdentifier>
      <Extensions>cpp;c;cc;cxx;c++;cppm;ixx;def;odl;idl;hpj;bat;asm;asmx</Extensions>
    </Filter>
    <Filter Include="Source\IO">
      <UniqueIdentifier>{d40d66de-1fbe-4b11-8639-cd8e851a0e32}</UniqueIdentifier>
    </Filter>
    <Filter Include="Source\IO\Network">
      <UniqueIdentifier>{0b5dc665-88e9-4f5b-8924-6eb277be7d63}</UniqueIdentifier>
    </Filter>
    <Filter Include="Dependencies">
      <UniqueIdentifier>{67DA6AB6-F800-4c08-8B7A-83BB121AAD01}</UniqueIdentifier>
      <Extensions>rc;ico;cur;bmp;dlg;rc2;rct;bin;rgs;gif;jpg;jpeg;jpe;resx;tiff;tif;png;wav;mfcribbon-ms</Extensions>
    </Filter>
  </ItemGroup>
  <ItemGroup>
    <ClCompile Include="LobbyProtocol\LobbyProtocol.cpp">
      <Filter>Source</Filter>
    </ClCompile>
    <ClCompile Include="LobbyServer.cpp">
      <Filter>Source</Filter>
    </ClCompile>
    <ClCompile Include="User.cpp">
      <Filter>Source</Filter>
    </ClCompile>
    <ClCompile Include="UserRegistry.cpp">
      <Filter>Source</Filter>
    </ClCompile>
    <ClCompile Include="PacketHandlers.cpp">
      <Filter>Source</Filter>
    </ClCompile>
    <ClCompile Include="GameServer\ServerProxy\ServerProxyLobby.cpp">
      <Filter>Source</Filter>
    </ClCompile>
    <ClCompile Include="GameServer\ClientProxy\ClientProxyLobby.cpp">
      <Filter>Source</Filter>
    </ClCompile>
    <ClCompile Include="Packet\Head\PacketHead.cpp">
      <Filter>Source</Filter>
    </ClCompile>
    <ClCompile Include="Packet\PacketBase.cpp">
      <Filter>Source</Filter>
    </ClCompile>
  </ItemGroup>
  <ItemGroup>
    <ClInclude Include="LobbyProtocol\LobbyProtocol.h">
      <Filter>Header</Filter>
    </ClInclude>
    <ClInclude Include="LobbyServer.h">
      <Filter>Header</Filter>
    </ClInclude>
    <ClInclude Include="User.h">
      <Filter>Header</Filter>
    </ClInclude>
    <ClInclude Include="fwPacketListener.h">
      <Filter>Header</Filter>
    </ClInclude>
    <ClInclude Include="GameServer\ServerProxy\ServerProxyLobby.h">
      <Filter>Header</Filter>
    </ClInclude>
    <ClInclude Include="GameServer\ClientProxy\ClientProxyLobby.h">
      <Filter>Header</Filter>
    </ClInclude>
    <ClInclude Include="Packet\Head\PacketHead.h">
      <Filter>Header</Filter>
    </ClInclude>
    <ClInclude Include="Packet\PacketBase.h">
      <Filter>Header</Filter>
    </ClInclude>
  </ItemGroup>
  <ItemGroup>
    <Text Include="UserRegistry.h" />
  </ItemGroup>
  <ItemGroup>
    <None Include="packages.config" />
    <None Include="Config.json" />
  </ItemGroup>
</Project>