<?xml version="1.0" encoding="utf-8"?>
<Project ToolsVersion="4.0" xmlns="http://schemas.microsoft.com/developer/msbuild/2003">
  <ItemGroup>
    <Filter Include="Resource Files">
      <UniqueIdentifier>{67DA6AB6-F800-4c08-8B7A-83BB121AAD01}</UniqueIdentifier>
      <Extensions>rc;ico;cur;bmp;dlg;rc2;rct;bin;rgs;gif;jpg;jpeg;jpe;resx;tiff;tif;png;wav</Extensions>
    </Filter>
    <Filter Include="Header">
      <UniqueIdentifier>{93995380-89BD-4b04-88EB-625FBE52EBFB}</UniqueIdentifier>
      <Extensions>h;hpp;hxx;hm;inl;inc;xsd</Extensions>
    </Filter>
    <Filter Include="Source">
      <UniqueIdentifier>{4FC737F1-C7A5-4376-A066-2A32D752A2FF}</UniqueIdentifier>
      <Extensions>cpp;c;cc;cxx;def;odl;idl;hpj;bat;asm;asmx</Extensions>
    </Filter>
  </ItemGroup>
  <ItemGroup>
    <ClCompile Include="Source\as_atomic.cpp">
      <Filter>Source</Filter>
    </ClCompile>
    <ClCompile Include="Source\as_builder.cpp">
      <Filter>Source</Filter>
    </ClCompile>
    <ClCompile Include="Source\as_bytecode.cpp">
      <Filter>Source</Filter>
    </ClCompile>
    <ClCompile Include="Source\as_callfunc.cpp">
      <Filter>Source</Filter>
    </ClCompile>
    <ClCompile Include="Source\as_callfunc_arm.cpp">
      <Filter>Source</Filter>
    </ClCompile>
    <ClCompile Include="Source\as_callfunc_arm64.cpp">
      <Filter>Source</Filter>
    </ClCompile>
    <ClCompile Include="Source\as_callfunc_mips.cpp">
      <Filter>Source</Filter>
    </ClCompile>
    <ClCompile Include="Source\as_callfunc_ppc.cpp">
      <Filter>Source</Filter>
    </ClCompile>
    <ClCompile Include="Source\as_callfunc_ppc_64.cpp">
      <Filter>Source</Filter>
    </ClCompile>
    <ClCompile Include="Source\as_callfunc_sh4.cpp">
      <Filter>Source</Filter>
    </ClCompile>
    <ClCompile Include="Source\as_callfunc_x64_gcc.cpp">
      <Filter>Source</Filter>
    </ClCompile>
    <ClCompile Include="Source\as_callfunc_x64_mingw.cpp">
      <Filter>Source</Filter>
    </ClCompile>
    <ClCompile Include="Source\as_callfunc_x64_msvc.cpp">
      <Filter>Source</Filter>
    </ClCompile>
    <ClCompile Include="Source\as_callfunc_x86.cpp">
      <Filter>Source</Filter>
    </ClCompile>
    <ClCompile Include="Source\as_callfunc_xenon.cpp">
      <Filter>Source</Filter>
    </ClCompile>
    <ClCompile Include="Source\as_compiler.cpp">
      <Filter>Source</Filter>
    </ClCompile>
    <ClCompile Include="Source\as_configgroup.cpp">
      <Filter>Source</Filter>
    </ClCompile>
    <ClCompile Include="Source\as_context.cpp">
      <Filter>Source</Filter>
    </ClCompile>
    <ClCompile Include="Source\as_datatype.cpp">
      <Filter>Source</Filter>
    </ClCompile>
    <ClCompile Include="Source\as_gc.cpp">
      <Filter>Source</Filter>
    </ClCompile>
    <ClCompile Include="Source\as_generic.cpp">
      <Filter>Source</Filter>
    </ClCompile>
    <ClCompile Include="Source\as_globalproperty.cpp">
      <Filter>Source</Filter>
    </ClCompile>
    <ClCompile Include="Source\as_memory.cpp">
      <Filter>Source</Filter>
    </ClCompile>
    <ClCompile Include="Source\as_module.cpp">
      <Filter>Source</Filter>
    </ClCompile>
    <ClCompile Include="Source\as_objecttype.cpp">
      <Filter>Source</Filter>
    </ClCompile>
    <ClCompile Include="Source\as_outputbuffer.cpp">
      <Filter>Source</Filter>
    </ClCompile>
    <ClCompile Include="Source\as_parser.cpp">
      <Filter>Source</Filter>
    </ClCompile>
    <ClCompile Include="Source\as_restore.cpp">
      <Filter>Source</Filter>
    </ClCompile>
    <ClCompile Include="Source\as_scriptcode.cpp">
      <Filter>Source</Filter>
    </ClCompile>
    <ClCompile Include="Source\as_scriptengine.cpp">
      <Filter>Source</Filter>
    </ClCompile>
    <ClCompile Include="Source\as_scriptfunction.cpp">
      <Filter>Source</Filter>
    </ClCompile>
    <ClCompile Include="Source\as_scriptnode.cpp">
      <Filter>Source</Filter>
    </ClCompile>
    <ClCompile Include="Source\as_scriptobject.cpp">
      <Filter>Source</Filter>
    </ClCompile>
    <ClCompile Include="Source\as_string.cpp">
      <Filter>Source</Filter>
    </ClCompile>
    <ClCompile Include="Source\as_string_util.cpp">
      <Filter>Source</Filter>
    </ClCompile>
    <ClCompile Include="Source\as_thread.cpp">
      <Filter>Source</Filter>
    </ClCompile>
    <ClCompile Include="Source\as_tokenizer.cpp">
      <Filter>Source</Filter>
    </ClCompile>
    <ClCompile Include="Source\as_typeinfo.cpp">
      <Filter>Source</Filter>
    </ClCompile>
    <ClCompile Include="Source\as_variablescope.cpp">
      <Filter>Source</Filter>
    </ClCompile>
    <ClCompile Include="stdstring.cpp">
      <Filter>Source</Filter>
    </ClCompile>
  </ItemGroup>
  <ItemGroup>
    <ClInclude Include="Header\as_array.h">
      <Filter>Header</Filter>
    </ClInclude>
    <ClInclude Include="Header\as_atomic.h">
      <Filter>Header</Filter>
    </ClInclude>
    <ClInclude Include="Header\as_builder.h">
      <Filter>Header</Filter>
    </ClInclude>
    <ClInclude Include="Header\as_bytecode.h">
      <Filter>Header</Filter>
    </ClInclude>
    <ClInclude Include="Header\as_callfunc.h">
      <Filter>Header</Filter>
    </ClInclude>
    <ClInclude Include="Header\as_compiler.h">
      <Filter>Header</Filter>
    </ClInclude>
    <ClInclude Include="Header\as_config.h">
      <Filter>Header</Filter>
    </ClInclude>
    <ClInclude Include="Header\as_configgroup.h">
      <Filter>Header</Filter>
    </ClInclude>
    <ClInclude Include="Header\as_context.h">
      <Filter>Header</Filter>
    </ClInclude>
    <ClInclude Include="Header\as_criticalsection.h">
      <Filter>Header</Filter>
    </ClInclude>
    <ClInclude Include="Header\as_datatype.h">
      <Filter>Header</Filter>
    </ClInclude>
    <ClInclude Include="Header\as_debug.h">
      <Filter>Header</Filter>
    </ClInclude>
    <ClInclude Include="Header\as_gc.h">
      <Filter>Header</Filter>
    </ClInclude>
    <ClInclude Include="Header\as_generic.h">
      <Filter>Header</Filter>
    </ClInclude>
    <ClInclude Include="Header\as_map.h">
      <Filter>Header</Filter>
    </ClInclude>
    <ClInclude Include="Header\as_memory.h">
      <Filter>Header</Filter>
    </ClInclude>
    <ClInclude Include="Header\as_module.h">
      <Filter>Header</Filter>
    </ClInclude>
    <ClInclude Include="Header\as_objecttype.h">
      <Filter>Header</Filter>
    </ClInclude>
    <ClInclude Include="Header\as_outputbuffer.h">
      <Filter>Header</Filter>
    </ClInclude>
    <ClInclude Include="Header\as_parser.h">
      <Filter>Header</Filter>
    </ClInclude>
    <ClInclude Include="Header\as_property.h">
      <Filter>Header</Filter>
    </ClInclude>
    <ClInclude Include="Header\as_restore.h">
      <Filter>Header</Filter>
    </ClInclude>
    <ClInclude Include="Header\as_scriptcode.h">
      <Filter>Header</Filter>
    </ClInclude>
    <ClInclude Include="Header\as_scriptengine.h">
      <Filter>Header</Filter>
    </ClInclude>
    <ClInclude Include="Header\as_scriptfunction.h">
      <Filter>Header</Filter>
    </ClInclude>
    <ClInclude Include="Header\as_scriptnode.h">
      <Filter>Header</Filter>
    </ClInclude>
    <ClInclude Include="Header\as_scriptobject.h">
      <Filter>Header</Filter>
    </ClInclude>
    <ClInclude Include="Header\as_string.h">
      <Filter>Header</Filter>
    </ClInclude>
    <ClInclude Include="Header\as_string_util.h">
      <Filter>Header</Filter>
    </ClInclude>
    <ClInclude Include="Header\as_symboltable.h">
      <Filter>Header</Filter>
    </ClInclude>
    <ClInclude Include="Header\as_texts.h">
      <Filter>Header</Filter>
    </ClInclude>
    <ClInclude Include="Header\as_thread.h">
      <Filter>Header</Filter>
    </ClInclude>
    <ClInclude Include="Header\as_tokendef.h">
      <Filter>Header</Filter>
    </ClInclude>
    <ClInclude Include="Header\as_tokenizer.h">
      <Filter>Header</Filter>
    </ClInclude>
    <ClInclude Include="Header\as_typeinfo.h">
      <Filter>Header</Filter>
    </ClInclude>
    <ClInclude Include="Header\as_variablescope.h">
      <Filter>Header</Filter>
    </ClInclude>
    <ClInclude Include="Header\as_namespace.h">
      <Filter>Header</Filter>
    </ClInclude>
    <ClInclude Include="angelscript.h">
      <Filter>Header</Filter>
    </ClInclude>
    <ClInclude Include="stdstring.h">
      <Filter>Header</Filter>
    </ClInclude>
  </ItemGroup>
  <ItemGroup>
    <None Include="Source\as_callfunc_x64_msvc_asm.asm">
      <Filter>Source</Filter>
    </None>
    <None Include="Source\as_callfunc_arm64_msvc.asm">
      <Filter>Source</Filter>
    </None>
    <None Include="Source\as_callfunc_arm_msvc.asm">
      <Filter>Source</Filter>
    </None>
    <None Include="Source\as_callfunc_arm64_gcc.S">
      <Filter>Source</Filter>
    </None>
    <None Include="Source\as_callfunc_arm_gcc.S">
      <Filter>Source</Filter>
    </None>
    <None Include="Source\as_callfunc_arm_vita.S">
      <Filter>Source</Filter>
    </None>
    <None Include="Source\as_callfunc_arm_xcode.S">
      <Filter>Source</Filter>
    </None>
  </ItemGroup>
</Project>