<?xml version="1.0" encoding="utf-8"?>
<Project ToolsVersion="4.0" xmlns="http://schemas.microsoft.com/developer/msbuild/2003">
  <ItemGroup>
    <Filter Include="Source Files">
      <UniqueIdentifier>{4FC737F1-C7A5-4376-A066-2A32D752A2FF}</UniqueIdentifier>
      <Extensions>cpp;c;cc;cxx;c++;cppm;ixx;def;odl;idl;hpj;bat;asm;asmx</Extensions>
    </Filter>
    <Filter Include="Header Files">
      <UniqueIdentifier>{93995380-89BD-4b04-88EB-625FBE52EBFB}</UniqueIdentifier>
      <Extensions>h;hh;hpp;hxx;h++;hm;inl;inc;ipp;xsd</Extensions>
    </Filter>
  </ItemGroup>
  <ItemGroup>
    <ClInclude Include="Info\NPCs\IndexedNPCInfo.h">
      <Filter>Header Files</Filter>
    </ClInclude>
    <ClInclude Include="Info\NPCs\NPC.h">
      <Filter>Header Files</Filter>
    </ClInclude>
    <ClInclude Include="Info\NPCs\NPCManager.h">
      <Filter>Header Files</Filter>
    </ClInclude>
    <ClInclude Include="Info\Database.h">
      <Filter>Header Files</Filter>
    </ClInclude>
    <ClInclude Include="Info.h">
      <Filter>Header Files</Filter>
    </ClInclude>
    <ClInclude Include="Info\Less.h">
      <Filter>Header Files</Filter>
    </ClInclude>
    <ClInclude Include="Info\Actions\Actions.h">
      <Filter>Header Files</Filter>
    </ClInclude>
    <ClInclude Include="Info\Actions\ActionsManager.h">
      <Filter>Header Files</Filter>
    </ClInclude>
    <ClInclude Include="Info\Actions\IndexedActionsInfo.h">
      <Filter>Header Files</Filter>
    </ClInclude>
    <ClInclude Include="Info\StateBundles\IndexedStateBundles.h">
      <Filter>Header Files</Filter>
    </ClInclude>
    <ClInclude Include="Info\StateBundles\StateBundles.h">
      <Filter>Header Files</Filter>
    </ClInclude>
    <ClInclude Include="Info\StateBundles\StateBundlesManager.h">
      <Filter>Header Files</Filter>
    </ClInclude>
    <ClInclude Include="Info\GlobalInfo.h">
      <Filter>Header Files</Filter>
    </ClInclude>
    <ClInclude Include="Info\Items\IndexedItemInfoManager.h">
      <Filter>Header Files</Filter>
    </ClInclude>
    <ClInclude Include="Info\Items\Item.h">
      <Filter>Header Files</Filter>
    </ClInclude>
    <ClInclude Include="Info\Items\ItemManager.h">
      <Filter>Header Files</Filter>
    </ClInclude>
    <ClInclude Include="Info\Items\CompressedItemInfoManager.h">
      <Filter>Header Files</Filter>
    </ClInclude>
    <ClInclude Include="Info\CompressedLoader.h">
      <Filter>Header Files</Filter>
    </ClInclude>
    <ClInclude Include="Info\IndexedInfoManager.h">
      <Filter>Header Files</Filter>
    </ClInclude>
    <ClInclude Include="Info\Actions\CompressedActionsManager.h">
      <Filter>Header Files</Filter>
    </ClInclude>
    <ClInclude Include="Info\StageInfo\StageInfo.h">
      <Filter>Header Files</Filter>
    </ClInclude>
    <ClInclude Include="Info\StageInfo\StageInfoManager.h">
      <Filter>Header Files</Filter>
    </ClInclude>
    <ClInclude Include="Info\ItemStageInfo\ItemStageInfo.h">
      <Filter>Header Files</Filter>
    </ClInclude>
    <ClInclude Include="Info\StageGroup\IndexedStageGroupInfo.h">
      <Filter>Header Files</Filter>
    </ClInclude>
    <ClInclude Include="Info\StageGroup\StageGroup.h">
      <Filter>Header Files</Filter>
    </ClInclude>
    <ClInclude Include="Info\StageGroup\StageGroupManager.h">
      <Filter>Header Files</Filter>
    </ClInclude>
    <ClInclude Include="Info\Skills\SkillInfoManager.h">
      <Filter>Header Files</Filter>
    </ClInclude>
    <ClInclude Include="Info\Skills\Skills.h">
      <Filter>Header Files</Filter>
    </ClInclude>
    <ClInclude Include="Info\Enchant\Enchant.h">
      <Filter>Header Files</Filter>
    </ClInclude>
    <ClInclude Include="Info\Enchant\EnchantTable.h">
      <Filter>Header Files</Filter>
    </ClInclude>
    <ClInclude Include="Info\EquipSet\EquipSetManager.h">
      <Filter>Header Files</Filter>
    </ClInclude>
    <ClInclude Include="Info\EquipSet\EquipSet.h">
      <Filter>Header Files</Filter>
    </ClInclude>
    <ClInclude Include="Info\Pets\PetsManager.h">
      <Filter>Header Files</Filter>
    </ClInclude>
    <ClInclude Include="Info\Pets\Pets.h">
      <Filter>Header Files</Filter>
    </ClInclude>
    <ClInclude Include="Info\EventNonPlayerItemList\EventNonPlayerItemListManager.h">
      <Filter>Header Files</Filter>
    </ClInclude>
    <ClInclude Include="Info\EventNonPlayerItemList\EventNonPlayerItemList.h">
      <Filter>Header Files</Filter>
    </ClInclude>
    <ClInclude Include="Info\ETC\Balance.h">
      <Filter>Header Files</Filter>
    </ClInclude>
    <ClInclude Include="Info\InfoHelper.h">
      <Filter>Header Files</Filter>
    </ClInclude>
    <ClInclude Include="Info\StatusInfo\IndexedStatusInfoManager.h">
      <Filter>Header Files</Filter>
    </ClInclude>
    <ClInclude Include="Info\StatusInfo\StatusInfo.h">
      <Filter>Header Files</Filter>
    </ClInclude>
    <ClInclude Include="Info\StatusInfo\StatusInfoManager.h">
      <Filter>Header Files</Filter>
    </ClInclude>
    <ClInclude Include="Info\StagePlayTime\StagePlayTimeManager.h">
      <Filter>Header Files</Filter>
    </ClInclude>
    <ClInclude Include="Info\StagePlayTime\StagePlayTime.h">
      <Filter>Header Files</Filter>
    </ClInclude>
    <ClInclude Include="Info\StagePlayTime\PvPRewardItemTableManager.h">
      <Filter>Header Files</Filter>
    </ClInclude>
    <ClInclude Include="Info\PvPRewardItemInfos\PvPRewardItemInfosManager.h">
      <Filter>Header Files</Filter>
    </ClInclude>
    <ClInclude Include="Info\PvPRewardItemInfos\PvPRewardInfo.h">
      <Filter>Header Files</Filter>
    </ClInclude>
    <ClInclude Include="Info\Event\EventInfoManager.h">
      <Filter>Header Files</Filter>
    </ClInclude>
    <ClInclude Include="Info\Event\EventInfo.h">
      <Filter>Header Files</Filter>
    </ClInclude>
    <ClInclude Include="Info\StylePoints\StylePointInfoManager.h">
      <Filter>Header Files</Filter>
    </ClInclude>
    <ClInclude Include="Info\StylePoints\StylePoint.h">
      <Filter>Header Files</Filter>
    </ClInclude>
    <ClInclude Include="Info\GeneralInfos\GeneralInfoManager.h">
      <Filter>Header Files</Filter>
    </ClInclude>
    <ClInclude Include="Info\GeneralInfos\GeneralInfo.h">
      <Filter>Header Files</Filter>
    </ClInclude>
    <ClInclude Include="Info\NonPlayerModifier\NonPlayerModifierManager.h">
      <Filter>Header Files</Filter>
    </ClInclude>
    <ClInclude Include="Info\NonPlayerModifier\NonPlayerModifier.h">
      <Filter>Header Files</Filter>
    </ClInclude>
    <ClInclude Include="Info\Projectiles\IndexedProjectileInfoManager.h">
      <Filter>Header Files</Filter>
    </ClInclude>
    <ClInclude Include="Info\Projectiles\Projectile.h">
      <Filter>Header Files</Filter>
    </ClInclude>
    <ClInclude Include="Info\MISCS\IndexedMISCSManager.h">
      <Filter>Header Files</Filter>
    </ClInclude>
    <ClInclude Include="Info\MISCS\MISCS.h">
      <Filter>Header Files</Filter>
    </ClInclude>
    <ClInclude Include="Info\MISCS\MISCSManager.h">
      <Filter>Header Files</Filter>
    </ClInclude>
    <ClInclude Include="Info\HashTable.h">
      <Filter>Header Files</Filter>
    </ClInclude>
    <ClInclude Include="Info\NPCs\CompressedNPCManager.h">
      <Filter>Header Files</Filter>
    </ClInclude>
    <ClInclude Include="Info\PvPRankRewardItemInfos\PvPRankRewardItemTable.h">
      <Filter>Header Files</Filter>
    </ClInclude>
    <ClInclude Include="Info\PvPRankRewardItemInfos\PvPRankRewardInfo.h">
      <Filter>Header Files</Filter>
    </ClInclude>
    <ClInclude Include="Info\Projectiles\CompressedProjectileInfoManager.h">
      <Filter>Header Files</Filter>
    </ClInclude>
    <ClInclude Include="Info\UpgradeTables\UpgradeTable.h">
      <Filter>Header Files</Filter>
    </ClInclude>
    <ClInclude Include="Info\UpgradeTables\UpgradeInfoManager.h">
      <Filter>Header Files</Filter>
    </ClInclude>
    <ClInclude Include="Info\UpgradeTables\CompressedUpgradeTable.h">
      <Filter>Header Files</Filter>
    </ClInclude>
    <ClInclude Include="Info\GuildFamily\GuildInfo.h">
      <Filter>Header Files</Filter>
    </ClInclude>
    <ClInclude Include="Info\GuildFamily\FamilyInfo.h">
      <Filter>Header Files</Filter>
    </ClInclude>
    <ClInclude Include="Info\CashShopBarter\CashShopBarter.h">
      <Filter>Header Files</Filter>
    </ClInclude>
    <ClInclude Include="Info\GuildFamily\GuildInfoManager.h">
      <Filter>Header Files</Filter>
    </ClInclude>
    <ClInclude Include="Info\CashShopBarter\CashShopBarterManager.h">
      <Filter>Header Files</Filter>
    </ClInclude>
    <ClInclude Include="Info\GuildFamily\FamilyInfoManager.h">
      <Filter>Header Files</Filter>
    </ClInclude>
    <ClInclude Include="Info\ETC\StageClearPresentInfo.h">
      <Filter>Header Files</Filter>
    </ClInclude>
    <ClInclude Include="Info\StageInfo\StageLicenseProvider.h">
      <Filter>Header Files</Filter>
    </ClInclude>
  </ItemGroup>
  <ItemGroup>
    <ClCompile Include="Info.cpp">
      <Filter>Source Files</Filter>
    </ClCompile>
    <ClCompile Include="Info\NPCs\IndexedNPCInfo.cpp">
      <Filter>Source Files</Filter>
    </ClCompile>
    <ClCompile Include="Info\NPCs\NPC.cpp">
      <Filter>Source Files</Filter>
    </ClCompile>
    <ClCompile Include="Info\NPCs\NPCManager.cpp">
      <Filter>Source Files</Filter>
    </ClCompile>
    <ClCompile Include="Info\Actions\Actions.cpp">
      <Filter>Source Files</Filter>
    </ClCompile>
    <ClCompile Include="Info\Actions\IndexedActionsInfo.cpp">
      <Filter>Source Files</Filter>
    </ClCompile>
    <ClCompile Include="Info\Actions\ActionsManager.cpp">
      <Filter>Source Files</Filter>
    </ClCompile>
    <ClCompile Include="Info\StateBundles\IndexedStateBundles.cpp">
      <Filter>Source Files</Filter>
    </ClCompile>
    <ClCompile Include="Info\StateBundles\StateBundles.cpp">
      <Filter>Source Files</Filter>
    </ClCompile>
    <ClCompile Include="Info\StateBundles\StateBundlesManager.cpp">
      <Filter>Source Files</Filter>
    </ClCompile>
    <ClCompile Include="Info\GlobalInfo.cpp">
      <Filter>Source Files</Filter>
    </ClCompile>
    <ClCompile Include="Info\Items\IndexedItemInfoManager.cpp">
      <Filter>Source Files</Filter>
    </ClCompile>
    <ClCompile Include="Info\Items\Item.cpp">
      <Filter>Source Files</Filter>
    </ClCompile>
    <ClCompile Include="Info\Items\ItemManager.cpp">
      <Filter>Source Files</Filter>
    </ClCompile>
    <ClCompile Include="Info\Items\CompressedItemInfoManager.cpp">
      <Filter>Source Files</Filter>
    </ClCompile>
    <ClCompile Include="Info\IndexedInfoManager.cpp">
      <Filter>Source Files</Filter>
    </ClCompile>
    <ClCompile Include="Info\Actions\CompressedActionsManager.cpp">
      <Filter>Source Files</Filter>
    </ClCompile>
    <ClCompile Include="Info\StageInfo\StageInfo.cpp">
      <Filter>Source Files</Filter>
    </ClCompile>
    <ClCompile Include="Info\StageInfo\StageInfoManager.cpp">
      <Filter>Source Files</Filter>
    </ClCompile>
    <ClCompile Include="Info\ItemStageInfo\ItemStageInfo.cpp">
      <Filter>Source Files</Filter>
    </ClCompile>
    <ClCompile Include="Info\StageGroup\IndexedStageGroupInfo.cpp">
      <Filter>Source Files</Filter>
    </ClCompile>
    <ClCompile Include="Info\StageGroup\StageGroup.cpp">
      <Filter>Source Files</Filter>
    </ClCompile>
    <ClCompile Include="Info\StageGroup\StageGroupManager.cpp">
      <Filter>Source Files</Filter>
    </ClCompile>
    <ClCompile Include="Info\Skills\SkillInfoManager.cpp">
      <Filter>Source Files</Filter>
    </ClCompile>
    <ClCompile Include="Info\Skills\Skills.cpp">
      <Filter>Source Files</Filter>
    </ClCompile>
    <ClCompile Include="Info\Enchant\Enchant.cpp">
      <Filter>Source Files</Filter>
    </ClCompile>
    <ClCompile Include="Info\Enchant\EnchantTable.cpp">
      <Filter>Source Files</Filter>
    </ClCompile>
    <ClCompile Include="Info\EquipSet\EquipSetManager.cpp">
      <Filter>Source Files</Filter>
    </ClCompile>
    <ClCompile Include="Info\EquipSet\EquipSet.cpp">
      <Filter>Source Files</Filter>
    </ClCompile>
    <ClCompile Include="Info\Pets\PetsManager.cpp">
      <Filter>Source Files</Filter>
    </ClCompile>
    <ClCompile Include="Info\Pets\Pets.cpp">
      <Filter>Source Files</Filter>
    </ClCompile>
    <ClCompile Include="Info\EventNonPlayerItemList\EventNonPlayerItemListManager.cpp">
      <Filter>Source Files</Filter>
    </ClCompile>
    <ClCompile Include="Info\EventNonPlayerItemList\EventNonPlayerItemList.cpp">
      <Filter>Source Files</Filter>
    </ClCompile>
    <ClCompile Include="Info\ETC\Balance.cpp">
      <Filter>Source Files</Filter>
    </ClCompile>
    <ClCompile Include="Info\StatusInfo\IndexedStatusInfoManager.cpp">
      <Filter>Source Files</Filter>
    </ClCompile>
    <ClCompile Include="Info\StatusInfo\StatusInfoManager.cpp">
      <Filter>Source Files</Filter>
    </ClCompile>
    <ClCompile Include="Info\StagePlayTime\StagePlayTimeManager.cpp">
      <Filter>Source Files</Filter>
    </ClCompile>
    <ClCompile Include="Info\StagePlayTime\StagePlayTime.cpp">
      <Filter>Source Files</Filter>
    </ClCompile>
    <ClCompile Include="Info\PvPRewardItemInfos\PvPRewardItemInfosManager.cpp">
      <Filter>Source Files</Filter>
    </ClCompile>
    <ClCompile Include="Info\PvPRewardItemInfos\PvPRewardInfo.cpp">
      <Filter>Source Files</Filter>
    </ClCompile>
    <ClCompile Include="Info\Event\EventInfoManager.cpp">
      <Filter>Source Files</Filter>
    </ClCompile>
    <ClCompile Include="Info\Event\EventInfo.cpp">
      <Filter>Source Files</Filter>
    </ClCompile>
    <ClCompile Include="Info\StylePoints\StylePointInfoManager.cpp">
      <Filter>Source Files</Filter>
    </ClCompile>
    <ClCompile Include="Info\StylePoints\StylePoint.cpp">
      <Filter>Source Files</Filter>
    </ClCompile>
    <ClCompile Include="Info\GeneralInfos\GeneralInfoManager.cpp">
      <Filter>Source Files</Filter>
    </ClCompile>
    <ClCompile Include="Info\GeneralInfos\GeneralInfo.cpp">
      <Filter>Source Files</Filter>
    </ClCompile>
    <ClCompile Include="Info\NonPlayerModifier\NonPlayerModifierManager.cpp">
      <Filter>Source Files</Filter>
    </ClCompile>
    <ClCompile Include="Info\NonPlayerModifier\NonPlayerModifier.cpp">
      <Filter>Source Files</Filter>
    </ClCompile>
    <ClCompile Include="Info\Projectiles\IndexedProjectileInfoManager.cpp">
      <Filter>Source Files</Filter>
    </ClCompile>
    <ClCompile Include="Info\Projectiles\Projectile.cpp">
      <Filter>Source Files</Filter>
    </ClCompile>
    <ClCompile Include="Info\Projectiles\ProjectileInfoManager.cpp">
      <Filter>Source Files</Filter>
    </ClCompile>
    <ClCompile Include="Info\MISCS\IndexedMISCSManager.cpp">
      <Filter>Source Files</Filter>
    </ClCompile>
    <ClCompile Include="Info\MISCS\MISCS.cpp">
      <Filter>Source Files</Filter>
    </ClCompile>
    <ClCompile Include="Info\MISCS\MISCSManager.cpp">
      <Filter>Source Files</Filter>
    </ClCompile>
    <ClCompile Include="Info\NPCs\CompressedNPCManager.cpp">
      <Filter>Source Files</Filter>
    </ClCompile>
    <ClCompile Include="Info\PvPRankRewardItemInfos\PvPRankRewardInfo.cpp">
      <Filter>Source Files</Filter>
    </ClCompile>
    <ClCompile Include="Info\PvPRankRewardItemInfos\PvPRankRewardItemTable.cpp">
      <Filter>Source Files</Filter>
    </ClCompile>
    <ClCompile Include="Info\Projectiles\CompressedProjectileInfoManager.cpp">
      <Filter>Source Files</Filter>
    </ClCompile>
    <ClCompile Include="Info\UpgradeTables\UpgradeTable.cpp">
      <Filter>Source Files</Filter>
    </ClCompile>
    <ClCompile Include="Info\UpgradeTables\UpgradeInfoManager.cpp">
      <Filter>Source Files</Filter>
    </ClCompile>
    <ClCompile Include="Info\UpgradeTables\CompressedUpgradeTable.cpp">
      <Filter>Source Files</Filter>
    </ClCompile>
    <ClCompile Include="Info\GuildFamily\FamilyInfo.cpp">
      <Filter>Source Files</Filter>
    </ClCompile>
    <ClCompile Include="Info\GuildFamily\GuildInfo.cpp">
      <Filter>Source Files</Filter>
    </ClCompile>
    <ClCompile Include="Info\CashShopBarter\CashShopBarter.cpp">
      <Filter>Source Files</Filter>
    </ClCompile>
    <ClCompile Include="Info\GuildFamily\GuildInfoManager.cpp">
      <Filter>Source Files</Filter>
    </ClCompile>
    <ClCompile Include="Info\CashShopBarter\CashShopBarterManager.cpp">
      <Filter>Source Files</Filter>
    </ClCompile>
    <ClCompile Include="Info\ETC\StageClearPresentInfo.cpp">
      <Filter>Source Files</Filter>
    </ClCompile>
    <ClCompile Include="Info\GuildFamily\FamilyInfoManager.cpp">
      <Filter>Source Files</Filter>
    </ClCompile>
    <ClCompile Include="Info\StageInfo\StageLicenseProvider.cpp">
      <Filter>Source Files</Filter>
    </ClCompile>
  </ItemGroup>
  <ItemGroup>
    <None Include="packages.config" />
    <None Include="Info\Projectiles\ProjectileInfoManager.h" />
  </ItemGroup>
</Project>